
Microsoft Visual Studio Solution File, Format Version 12.00
# Visual Studio Version 16
VisualStudioVersion = 16.0.30011.22
MinimumVisualStudioVersion = 10.0.40219.1
Project("{FAE04EC0-301F-11D3-BF4B-00C04F79EFBC}") = "Passworder", "Passworder.csproj", "{C49B0C9F-F1BA-4C25-9607-B44FF0C6A419}"
EndProject
Global
	GlobalSection(SolutionConfigurationPlatforms) = preSolution
		Debug|Any CPU = Debug|Any CPU
		Release|Any CPU = Release|Any CPU
	EndGlobalSection
	GlobalSection(ProjectConfigurationPlatforms) = postSolution
		{C49B0C9F-F1BA-4C25-9607-B44FF0C6A419}.Debug|Any CPU.ActiveCfg = Debug|Any CPU
		{C49B0C9F-F1BA-4C25-9607-B44FF0C6A419}.Debug|Any CPU.Build.0 = Debug|Any CPU
		{C49B0C9F-F1BA-4C25-9607-B44FF0C6A419}.Release|Any CPU.ActiveCfg = Release|Any CPU
		{C49B0C9F-F1BA-4C25-9607-B44FF0C6A419}.Release|Any CPU.Build.0 = Release|Any CPU
	EndGlobalSection
	GlobalSection(SolutionProperties) = preSolution
		HideSolutionNode = FALSE
	EndGlobalSection
	GlobalSection(ExtensibilityGlobals) = postSolution
		SolutionGuid = {99F895AE-58A8-44D1-A84F-092A750593D0}
	EndGlobalSection
EndGlobal
